
Microsoft Visual Studio Solution File, Format Version 12.00
# Visual Studio Version 17
VisualStudioVersion = 17.7.34024.191
MinimumVisualStudioVersion = 10.0.40219.1
Project("{FAE04EC0-301F-11D3-BF4B-00C04F79EFBC}") = "Queue", "Queue\Queue.csproj", "{CEC5F3EE-E9F8-40E4-A81B-C2C513C39AD3}"
EndProject
Global
	GlobalSection(SolutionConfigurationPlatforms) = preSolution
		Debug|Any CPU = Debug|Any CPU
		Release|Any CPU = Release|Any CPU
	EndGlobalSection
	GlobalSection(ProjectConfigurationPlatforms) = postSolution
		{CEC5F3EE-E9F8-40E4-A81B-C2C513C39AD3}.Debug|Any CPU.ActiveCfg = Debug|Any CPU
		{CEC5F3EE-E9F8-40E4-A81B-C2C513C39AD3}.Debug|Any CPU.Build.0 = Debug|Any CPU
		{CEC5F3EE-E9F8-40E4-A81B-C2C513C39AD3}.Release|Any CPU.ActiveCfg = Release|Any CPU
		{CEC5F3EE-E9F8-40E4-A81B-C2C513C39AD3}.Release|Any CPU.Build.0 = Release|Any CPU
	EndGlobalSection
	GlobalSection(SolutionProperties) = preSolution
		HideSolutionNode = FALSE
	EndGlobalSection
	GlobalSection(ExtensibilityGlobals) = postSolution
		SolutionGuid = {9D2B6C08-EF48-491E-8CDF-8BE382CEAFDB}
	EndGlobalSection
EndGlobal
